
Microsoft Visual Studio Solution File, Format Version 12.00
# Visual Studio Version 16
VisualStudioVersion = 16.0.31515.178
MinimumVisualStudioVersion = 10.0.40219.1
Project("{9A19103F-16F7-4668-BE54-9A1E7A4F7556}") = "SkyTools", "SkyTools\SkyTools.csproj", "{E0734C85-6163-4388-AFDA-54A7CE0249B5}"
EndProject
Project("{9A19103F-16F7-4668-BE54-9A1E7A4F7556}") = "SkyTools.Core", "SkyTools.Core\SkyTools.Core.csproj", "{A54E0CAC-A199-4507-A303-FB360EE2DCC5}"
EndProject
Project("{9A19103F-16F7-4668-BE54-9A1E7A4F7556}") = "SkyTools.NewProject", "SkyTools.NewProject\SkyTools.NewProject.csproj", "{18857E39-F35C-4E60-8E65-451EBE7C41F5}"
EndProject
Project("{FAE04EC0-301F-11D3-BF4B-00C04F79EFBC}") = "TestConsoleApp1", "TestConsoleApp1\TestConsoleApp1.csproj", "{A8DE18DC-0441-448B-8F22-F4B293AFEBAC}"
EndProject
Global
	GlobalSection(SolutionConfigurationPlatforms) = preSolution
		Debug|Any CPU = Debug|Any CPU
		Release|Any CPU = Release|Any CPU
	EndGlobalSection
	GlobalSection(ProjectConfigurationPlatforms) = postSolution
		{E0734C85-6163-4388-AFDA-54A7CE0249B5}.Debug|Any CPU.ActiveCfg = Debug|Any CPU
		{E0734C85-6163-4388-AFDA-54A7CE0249B5}.Debug|Any CPU.Build.0 = Debug|Any CPU
		{E0734C85-6163-4388-AFDA-54A7CE0249B5}.Release|Any CPU.ActiveCfg = Release|Any CPU
		{E0734C85-6163-4388-AFDA-54A7CE0249B5}.Release|Any CPU.Build.0 = Release|Any CPU
		{A54E0CAC-A199-4507-A303-FB360EE2DCC5}.Debug|Any CPU.ActiveCfg = Debug|Any CPU
		{A54E0CAC-A199-4507-A303-FB360EE2DCC5}.Debug|Any CPU.Build.0 = Debug|Any CPU
		{A54E0CAC-A199-4507-A303-FB360EE2DCC5}.Release|Any CPU.ActiveCfg = Release|Any CPU
		{A54E0CAC-A199-4507-A303-FB360EE2DCC5}.Release|Any CPU.Build.0 = Release|Any CPU
		{18857E39-F35C-4E60-8E65-451EBE7C41F5}.Debug|Any CPU.ActiveCfg = Debug|Any CPU
		{18857E39-F35C-4E60-8E65-451EBE7C41F5}.Debug|Any CPU.Build.0 = Debug|Any CPU
		{18857E39-F35C-4E60-8E65-451EBE7C41F5}.Release|Any CPU.ActiveCfg = Release|Any CPU
		{18857E39-F35C-4E60-8E65-451EBE7C41F5}.Release|Any CPU.Build.0 = Release|Any CPU
		{A8DE18DC-0441-448B-8F22-F4B293AFEBAC}.Debug|Any CPU.ActiveCfg = Debug|Any CPU
		{A8DE18DC-0441-448B-8F22-F4B293AFEBAC}.Debug|Any CPU.Build.0 = Debug|Any CPU
		{A8DE18DC-0441-448B-8F22-F4B293AFEBAC}.Release|Any CPU.ActiveCfg = Release|Any CPU
		{A8DE18DC-0441-448B-8F22-F4B293AFEBAC}.Release|Any CPU.Build.0 = Release|Any CPU
	EndGlobalSection
	GlobalSection(SolutionProperties) = preSolution
		HideSolutionNode = FALSE
	EndGlobalSection
	GlobalSection(ExtensibilityGlobals) = postSolution
		SolutionGuid = {CF89E753-9363-4069-8C89-A6C849629909}
	EndGlobalSection
EndGlobal
